
Microsoft Visual Studio Solution File, Format Version 12.00
# Visual Studio Version 16
VisualStudioVersion = 16.0.29613.14
MinimumVisualStudioVersion = 10.0.40219.1
Project("{9A19103F-16F7-4668-BE54-9A1E7A4F7556}") = "SiteAvailabilityProcessor", "SiteAvailabilityProcessor.csproj", "{7840BE6E-6B1A-48C8-ABD4-BDA8829B6E04}"
EndProject
Project("{FAE04EC0-301F-11D3-BF4B-00C04F79EFBC}") = "SiteAvailabilityProcessor.Tests", "..\SiteAvailabilityProcessor.Tests\SiteAvailabilityProcessor.Tests.csproj", "{2DB2B3F0-4BC8-4BE8-9F0B-66AC4CCB4CBC}"
EndProject
Global
	GlobalSection(SolutionConfigurationPlatforms) = preSolution
		Debug|Any CPU = Debug|Any CPU
		Release|Any CPU = Release|Any CPU
	EndGlobalSection
	GlobalSection(ProjectConfigurationPlatforms) = postSolution
		{7840BE6E-6B1A-48C8-ABD4-BDA8829B6E04}.Debug|Any CPU.ActiveCfg = Debug|Any CPU
		{7840BE6E-6B1A-48C8-ABD4-BDA8829B6E04}.Debug|Any CPU.Build.0 = Debug|Any CPU
		{7840BE6E-6B1A-48C8-ABD4-BDA8829B6E04}.Release|Any CPU.ActiveCfg = Release|Any CPU
		{7840BE6E-6B1A-48C8-ABD4-BDA8829B6E04}.Release|Any CPU.Build.0 = Release|Any CPU
		{2DB2B3F0-4BC8-4BE8-9F0B-66AC4CCB4CBC}.Debug|Any CPU.ActiveCfg = Debug|Any CPU
		{2DB2B3F0-4BC8-4BE8-9F0B-66AC4CCB4CBC}.Debug|Any CPU.Build.0 = Debug|Any CPU
		{2DB2B3F0-4BC8-4BE8-9F0B-66AC4CCB4CBC}.Release|Any CPU.ActiveCfg = Release|Any CPU
		{2DB2B3F0-4BC8-4BE8-9F0B-66AC4CCB4CBC}.Release|Any CPU.Build.0 = Release|Any CPU
	EndGlobalSection
	GlobalSection(SolutionProperties) = preSolution
		HideSolutionNode = FALSE
	EndGlobalSection
	GlobalSection(ExtensibilityGlobals) = postSolution
		SolutionGuid = {4F641C8A-4140-48DA-8D4B-A177667E6D3E}
	EndGlobalSection
EndGlobal
